
Microsoft Visual Studio Solution File, Format Version 12.00
# Visual Studio Version 16
VisualStudioVersion = 16.0.29613.14
MinimumVisualStudioVersion = 10.0.40219.1
Project("{9A19103F-16F7-4668-BE54-9A1E7A4F7556}") = "Shop", "Shop\Shop.csproj", "{19AB5687-1355-41A4-98C3-8AE831932364}"
EndProject
Global
	GlobalSection(SolutionConfigurationPlatforms) = preSolution
		Debug|Any CPU = Debug|Any CPU
		Release|Any CPU = Release|Any CPU
	EndGlobalSection
	GlobalSection(ProjectConfigurationPlatforms) = postSolution
		{19AB5687-1355-41A4-98C3-8AE831932364}.Debug|Any CPU.ActiveCfg = Debug|Any CPU
		{19AB5687-1355-41A4-98C3-8AE831932364}.Debug|Any CPU.Build.0 = Debug|Any CPU
		{19AB5687-1355-41A4-98C3-8AE831932364}.Release|Any CPU.ActiveCfg = Release|Any CPU
		{19AB5687-1355-41A4-98C3-8AE831932364}.Release|Any CPU.Build.0 = Release|Any CPU
	EndGlobalSection
	GlobalSection(SolutionProperties) = preSolution
		HideSolutionNode = FALSE
	EndGlobalSection
	GlobalSection(ExtensibilityGlobals) = postSolution
		SolutionGuid = {694C22CC-E4B3-4F27-A33A-2F826B29A2AD}
	EndGlobalSection
EndGlobal
